
Microsoft Visual Studio Solution File, Format Version 12.00
# Visual Studio Version 17
VisualStudioVersion = 17.8.34330.188
MinimumVisualStudioVersion = 10.0.40219.1
Project("{FAE04EC0-301F-11D3-BF4B-00C04F79EFBC}") = "Civ6ModBuddyAlt", "Civ6ModBuddyAlt\Civ6ModBuddyAlt.csproj", "{A77ACD8C-0FA4-4535-B497-E5331BCA4EBA}"
EndProject
Global
	GlobalSection(SolutionConfigurationPlatforms) = preSolution
		Debug|Any CPU = Debug|Any CPU
		Release|Any CPU = Release|Any CPU
	EndGlobalSection
	GlobalSection(ProjectConfigurationPlatforms) = postSolution
		{A77ACD8C-0FA4-4535-B497-E5331BCA4EBA}.Debug|Any CPU.ActiveCfg = Debug|Any CPU
		{A77ACD8C-0FA4-4535-B497-E5331BCA4EBA}.Debug|Any CPU.Build.0 = Debug|Any CPU
		{A77ACD8C-0FA4-4535-B497-E5331BCA4EBA}.Release|Any CPU.ActiveCfg = Release|Any CPU
		{A77ACD8C-0FA4-4535-B497-E5331BCA4EBA}.Release|Any CPU.Build.0 = Release|Any CPU
	EndGlobalSection
	GlobalSection(SolutionProperties) = preSolution
		HideSolutionNode = FALSE
	EndGlobalSection
	GlobalSection(ExtensibilityGlobals) = postSolution
		SolutionGuid = {AC1E4710-71CC-4E6F-9209-BEF72697A3E5}
	EndGlobalSection
EndGlobal
