
Microsoft Visual Studio Solution File, Format Version 12.00
# Visual Studio Version 17
VisualStudioVersion = 17.8.34330.188
MinimumVisualStudioVersion = 10.0.40219.1
Project("{FAE04EC0-301F-11D3-BF4B-00C04F79EFBC}") = "Civ6ModBuddyAlt", "Civ6ModBuddyAlt\Civ6ModBuddyAlt.csproj", "{A77ACD8C-0FA4-4535-B497-E5331BCA4EBA}"
EndProject
Project("{FAE04EC0-301F-11D3-BF4B-00C04F79EFBC}") = "Civ6Project.ProjectTemplate", "Civ6Project.ProjectTemplate\Civ6Project.ProjectTemplate.csproj", "{CBCABBCA-0371-46AC-B735-22B7FDB053E5}"
EndProject
Project("{FAE04EC0-301F-11D3-BF4B-00C04F79EFBC}") = "Civ6Text.ItemTemplate", "Civ6Text.ItemTemplate\Civ6Text.ItemTemplate.csproj", "{CE5DA0C1-F2F5-442A-84A0-62C250DAC226}"
EndProject
Project("{FAE04EC0-301F-11D3-BF4B-00C04F79EFBC}") = "Civ6Xml.ItemTemplate", "Civ6Xml.ItemTemplate\Civ6Xml.ItemTemplate.csproj", "{9E513B34-AB0E-4C8E-811A-79B294D37642}"
EndProject
Project("{2150E333-8FDC-42A3-9474-1A3956D46DE8}") = "솔루션 항목", "솔루션 항목", "{F09820AB-612E-499E-B350-608BF55ACFEA}"
	ProjectSection(SolutionItems) = preProject
		Directory.Build.props = Directory.Build.props
		Directory.Build.targets = Directory.Build.targets
		Directory.Packages.props = Directory.Packages.props
		dlcs.json = dlcs.json
	EndProjectSection
EndProject
Global
	GlobalSection(SolutionConfigurationPlatforms) = preSolution
		Debug|Any CPU = Debug|Any CPU
		Release|Any CPU = Release|Any CPU
	EndGlobalSection
	GlobalSection(ProjectConfigurationPlatforms) = postSolution
		{A77ACD8C-0FA4-4535-B497-E5331BCA4EBA}.Debug|Any CPU.ActiveCfg = Debug|Any CPU
		{A77ACD8C-0FA4-4535-B497-E5331BCA4EBA}.Debug|Any CPU.Build.0 = Debug|Any CPU
		{A77ACD8C-0FA4-4535-B497-E5331BCA4EBA}.Release|Any CPU.ActiveCfg = Release|Any CPU
		{A77ACD8C-0FA4-4535-B497-E5331BCA4EBA}.Release|Any CPU.Build.0 = Release|Any CPU
		{CBCABBCA-0371-46AC-B735-22B7FDB053E5}.Debug|Any CPU.ActiveCfg = Debug|Any CPU
		{CBCABBCA-0371-46AC-B735-22B7FDB053E5}.Debug|Any CPU.Build.0 = Debug|Any CPU
		{CBCABBCA-0371-46AC-B735-22B7FDB053E5}.Release|Any CPU.ActiveCfg = Release|Any CPU
		{CBCABBCA-0371-46AC-B735-22B7FDB053E5}.Release|Any CPU.Build.0 = Release|Any CPU
		{CE5DA0C1-F2F5-442A-84A0-62C250DAC226}.Debug|Any CPU.ActiveCfg = Debug|Any CPU
		{CE5DA0C1-F2F5-442A-84A0-62C250DAC226}.Debug|Any CPU.Build.0 = Debug|Any CPU
		{CE5DA0C1-F2F5-442A-84A0-62C250DAC226}.Release|Any CPU.ActiveCfg = Release|Any CPU
		{CE5DA0C1-F2F5-442A-84A0-62C250DAC226}.Release|Any CPU.Build.0 = Release|Any CPU
		{9E513B34-AB0E-4C8E-811A-79B294D37642}.Debug|Any CPU.ActiveCfg = Debug|Any CPU
		{9E513B34-AB0E-4C8E-811A-79B294D37642}.Debug|Any CPU.Build.0 = Debug|Any CPU
		{9E513B34-AB0E-4C8E-811A-79B294D37642}.Release|Any CPU.ActiveCfg = Release|Any CPU
		{9E513B34-AB0E-4C8E-811A-79B294D37642}.Release|Any CPU.Build.0 = Release|Any CPU
	EndGlobalSection
	GlobalSection(SolutionProperties) = preSolution
		HideSolutionNode = FALSE
	EndGlobalSection
	GlobalSection(ExtensibilityGlobals) = postSolution
		SolutionGuid = {AC1E4710-71CC-4E6F-9209-BEF72697A3E5}
	EndGlobalSection
EndGlobal
